
Microsoft Visual Studio Solution File, Format Version 12.00
# Visual Studio Version 17
VisualStudioVersion = 17.8.34330.188
MinimumVisualStudioVersion = 10.0.40219.1
Project("{9A19103F-16F7-4668-BE54-9A1E7A4F7556}") = "StudentApi", "StudentApi\StudentApi.csproj", "{FDB76637-F23C-4BAE-AD30-71062E1D8F70}"
EndProject
Global
	GlobalSection(SolutionConfigurationPlatforms) = preSolution
		Debug|Any CPU = Debug|Any CPU
		Release|Any CPU = Release|Any CPU
	EndGlobalSection
	GlobalSection(ProjectConfigurationPlatforms) = postSolution
		{FDB76637-F23C-4BAE-AD30-71062E1D8F70}.Debug|Any CPU.ActiveCfg = Debug|Any CPU
		{FDB76637-F23C-4BAE-AD30-71062E1D8F70}.Debug|Any CPU.Build.0 = Debug|Any CPU
		{FDB76637-F23C-4BAE-AD30-71062E1D8F70}.Release|Any CPU.ActiveCfg = Release|Any CPU
		{FDB76637-F23C-4BAE-AD30-71062E1D8F70}.Release|Any CPU.Build.0 = Release|Any CPU
	EndGlobalSection
	GlobalSection(SolutionProperties) = preSolution
		HideSolutionNode = FALSE
	EndGlobalSection
	GlobalSection(ExtensibilityGlobals) = postSolution
		SolutionGuid = {EB17E3CC-C39A-4272-843F-8764053B800D}
	EndGlobalSection
EndGlobal
